
Microsoft Visual Studio Solution File, Format Version 12.00
# Visual Studio Version 17
VisualStudioVersion = 17.10.35027.167
MinimumVisualStudioVersion = 10.0.40219.1
Project("{FAE04EC0-301F-11D3-BF4B-00C04F79EFBC}") = "configurable-keys", "configurable-keys.csproj", "{0036ED46-EA45-4785-9B44-A115307BDDF0}"
EndProject
Global
	GlobalSection(SolutionConfigurationPlatforms) = preSolution
		Debug|Any CPU = Debug|Any CPU
		Release|Any CPU = Release|Any CPU
	EndGlobalSection
	GlobalSection(ProjectConfigurationPlatforms) = postSolution
		{0036ED46-EA45-4785-9B44-A115307BDDF0}.Debug|Any CPU.ActiveCfg = Debug|Any CPU
		{0036ED46-EA45-4785-9B44-A115307BDDF0}.Debug|Any CPU.Build.0 = Debug|Any CPU
		{0036ED46-EA45-4785-9B44-A115307BDDF0}.Release|Any CPU.ActiveCfg = Release|Any CPU
		{0036ED46-EA45-4785-9B44-A115307BDDF0}.Release|Any CPU.Build.0 = Release|Any CPU
	EndGlobalSection
	GlobalSection(SolutionProperties) = preSolution
		HideSolutionNode = FALSE
	EndGlobalSection
	GlobalSection(ExtensibilityGlobals) = postSolution
		SolutionGuid = {7F1A2274-795B-46F3-A20C-CABBDB6BE296}
	EndGlobalSection
EndGlobal
